
Microsoft Visual Studio Solution File, Format Version 12.00
# Visual Studio Version 17
VisualStudioVersion = 17.0.31903.59
MinimumVisualStudioVersion = 10.0.40219.1
Project("{FAE04EC0-301F-11D3-BF4B-00C04F79EFBC}") = "RobotSim", "RobotSim\RobotSim.csproj", "{1C27EC7B-7FC6-4C2B-9B60-1201F6291AF7}"
EndProject
Project("{FAE04EC0-301F-11D3-BF4B-00C04F79EFBC}") = "RobotTests", "RobotTests\RobotTests.csproj", "{3F9D6D5C-7E34-4C64-B8D4-1FBDEFF9498C}"
EndProject
Global
	GlobalSection(SolutionConfigurationPlatforms) = preSolution
		Debug|Any CPU = Debug|Any CPU
		Release|Any CPU = Release|Any CPU
	EndGlobalSection
	GlobalSection(SolutionProperties) = preSolution
		HideSolutionNode = FALSE
	EndGlobalSection
	GlobalSection(ProjectConfigurationPlatforms) = postSolution
		{1C27EC7B-7FC6-4C2B-9B60-1201F6291AF7}.Debug|Any CPU.ActiveCfg = Debug|Any CPU
		{1C27EC7B-7FC6-4C2B-9B60-1201F6291AF7}.Debug|Any CPU.Build.0 = Debug|Any CPU
		{1C27EC7B-7FC6-4C2B-9B60-1201F6291AF7}.Release|Any CPU.ActiveCfg = Release|Any CPU
		{1C27EC7B-7FC6-4C2B-9B60-1201F6291AF7}.Release|Any CPU.Build.0 = Release|Any CPU
		{3F9D6D5C-7E34-4C64-B8D4-1FBDEFF9498C}.Debug|Any CPU.ActiveCfg = Debug|Any CPU
		{3F9D6D5C-7E34-4C64-B8D4-1FBDEFF9498C}.Debug|Any CPU.Build.0 = Debug|Any CPU
		{3F9D6D5C-7E34-4C64-B8D4-1FBDEFF9498C}.Release|Any CPU.ActiveCfg = Release|Any CPU
		{3F9D6D5C-7E34-4C64-B8D4-1FBDEFF9498C}.Release|Any CPU.Build.0 = Release|Any CPU
	EndGlobalSection
EndGlobal
